
Microsoft Visual Studio Solution File, Format Version 12.00
# Visual Studio 14
VisualStudioVersion = 14.0.25420.1
MinimumVisualStudioVersion = 10.0.40219.1
Project("{FAE04EC0-301F-11D3-BF4B-00C04F79EFBC}") = "Conference.Forms", "Frontend\Xamarin.Forms\Conference.Forms\Conference.Forms.csproj", "{F90FEC10-353C-4800-B07A-796CEF1FC60E}"
EndProject
Project("{FAE04EC0-301F-11D3-BF4B-00C04F79EFBC}") = "Conference.Forms.Droid", "Frontend\Xamarin.Forms\Conference.Forms.Droid\Conference.Forms.Droid.csproj", "{FB76FB6A-C2E2-4DCE-9ED1-7C8011DB372E}"
EndProject
Project("{FAE04EC0-301F-11D3-BF4B-00C04F79EFBC}") = "Conference.Forms.iOS", "Frontend\Xamarin.Forms\Conference.Forms.iOS\Conference.Forms.iOS.csproj", "{C134836E-8739-482D-834E-F3485A949E80}"
EndProject
Project("{FAE04EC0-301F-11D3-BF4B-00C04F79EFBC}") = "Conference.Forms.UWP", "Frontend\Xamarin.Forms\Conference.Forms.UWP\Conference.Forms.UWP.csproj", "{074CD358-853C-4F38-AC7D-E350E5E97E45}"
EndProject
Project("{FAE04EC0-301F-11D3-BF4B-00C04F79EFBC}") = "Conference.Core", "Core\Conference.Core\Conference.Core.csproj", "{5F453EFB-C3FB-4F6B-A17A-543D8F741130}"
EndProject
Project("{FAE04EC0-301F-11D3-BF4B-00C04F79EFBC}") = "Conference.Frontend", "Frontend\Shared\Conference.Frontend.csproj", "{1CF6FBE3-1F39-43B1-8C91-A203CD44A934}"
EndProject
Project("{2150E333-8FDC-42A3-9474-1A3956D46DE8}") = "Core", "Core", "{383F1D5C-F964-4045-92C6-F774BFB07B96}"
EndProject
Project("{2150E333-8FDC-42A3-9474-1A3956D46DE8}") = "Frontend", "Frontend", "{0C3E7352-5B97-47F1-9BCB-20A292371821}"
EndProject
Project("{2150E333-8FDC-42A3-9474-1A3956D46DE8}") = "Xamarin.Forms", "Xamarin.Forms", "{AB0A9A03-6C71-44C2-9C29-5105D3F3868F}"
EndProject
Project("{2150E333-8FDC-42A3-9474-1A3956D46DE8}") = "Shared", "Shared", "{70F0D38F-2D59-4299-ADE7-456907A485DC}"
EndProject
Global
	GlobalSection(SolutionConfigurationPlatforms) = preSolution
		Ad-Hoc|Any CPU = Ad-Hoc|Any CPU
		Ad-Hoc|ARM = Ad-Hoc|ARM
		Ad-Hoc|iPhone = Ad-Hoc|iPhone
		Ad-Hoc|iPhoneSimulator = Ad-Hoc|iPhoneSimulator
		Ad-Hoc|x64 = Ad-Hoc|x64
		Ad-Hoc|x86 = Ad-Hoc|x86
		AppStore|Any CPU = AppStore|Any CPU
		AppStore|ARM = AppStore|ARM
		AppStore|iPhone = AppStore|iPhone
		AppStore|iPhoneSimulator = AppStore|iPhoneSimulator
		AppStore|x64 = AppStore|x64
		AppStore|x86 = AppStore|x86
		Debug|Any CPU = Debug|Any CPU
		Debug|ARM = Debug|ARM
		Debug|iPhone = Debug|iPhone
		Debug|iPhoneSimulator = Debug|iPhoneSimulator
		Debug|x64 = Debug|x64
		Debug|x86 = Debug|x86
		Release|Any CPU = Release|Any CPU
		Release|ARM = Release|ARM
		Release|iPhone = Release|iPhone
		Release|iPhoneSimulator = Release|iPhoneSimulator
		Release|x64 = Release|x64
		Release|x86 = Release|x86
	EndGlobalSection
	GlobalSection(ProjectConfigurationPlatforms) = postSolution
		{F90FEC10-353C-4800-B07A-796CEF1FC60E}.Ad-Hoc|Any CPU.ActiveCfg = Release|Any CPU
		{F90FEC10-353C-4800-B07A-796CEF1FC60E}.Ad-Hoc|Any CPU.Build.0 = Release|Any CPU
		{F90FEC10-353C-4800-B07A-796CEF1FC60E}.Ad-Hoc|ARM.ActiveCfg = Release|Any CPU
		{F90FEC10-353C-4800-B07A-796CEF1FC60E}.Ad-Hoc|ARM.Build.0 = Release|Any CPU
		{F90FEC10-353C-4800-B07A-796CEF1FC60E}.Ad-Hoc|iPhone.ActiveCfg = Release|Any CPU
		{F90FEC10-353C-4800-B07A-796CEF1FC60E}.Ad-Hoc|iPhone.Build.0 = Release|Any CPU
		{F90FEC10-353C-4800-B07A-796CEF1FC60E}.Ad-Hoc|iPhoneSimulator.ActiveCfg = Release|Any CPU
		{F90FEC10-353C-4800-B07A-796CEF1FC60E}.Ad-Hoc|iPhoneSimulator.Build.0 = Release|Any CPU
		{F90FEC10-353C-4800-B07A-796CEF1FC60E}.Ad-Hoc|x64.ActiveCfg = Release|Any CPU
		{F90FEC10-353C-4800-B07A-796CEF1FC60E}.Ad-Hoc|x64.Build.0 = Release|Any CPU
		{F90FEC10-353C-4800-B07A-796CEF1FC60E}.Ad-Hoc|x86.ActiveCfg = Release|Any CPU
		{F90FEC10-353C-4800-B07A-796CEF1FC60E}.Ad-Hoc|x86.Build.0 = Release|Any CPU
		{F90FEC10-353C-4800-B07A-796CEF1FC60E}.AppStore|Any CPU.ActiveCfg = Release|Any CPU
		{F90FEC10-353C-4800-B07A-796CEF1FC60E}.AppStore|Any CPU.Build.0 = Release|Any CPU
		{F90FEC10-353C-4800-B07A-796CEF1FC60E}.AppStore|ARM.ActiveCfg = Release|Any CPU
		{F90FEC10-353C-4800-B07A-796CEF1FC60E}.AppStore|ARM.Build.0 = Release|Any CPU
		{F90FEC10-353C-4800-B07A-796CEF1FC60E}.AppStore|iPhone.ActiveCfg = Release|Any CPU
		{F90FEC10-353C-4800-B07A-796CEF1FC60E}.AppStore|iPhone.Build.0 = Release|Any CPU
		{F90FEC10-353C-4800-B07A-796CEF1FC60E}.AppStore|iPhoneSimulator.ActiveCfg = Release|Any CPU
		{F90FEC10-353C-4800-B07A-796CEF1FC60E}.AppStore|iPhoneSimulator.Build.0 = Release|Any CPU
		{F90FEC10-353C-4800-B07A-796CEF1FC60E}.AppStore|x64.ActiveCfg = Release|Any CPU
		{F90FEC10-353C-4800-B07A-796CEF1FC60E}.AppStore|x64.Build.0 = Release|Any CPU
		{F90FEC10-353C-4800-B07A-796CEF1FC60E}.AppStore|x86.ActiveCfg = Release|Any CPU
		{F90FEC10-353C-4800-B07A-796CEF1FC60E}.AppStore|x86.Build.0 = Release|Any CPU
		{F90FEC10-353C-4800-B07A-796CEF1FC60E}.Debug|Any CPU.ActiveCfg = Debug|Any CPU
		{F90FEC10-353C-4800-B07A-796CEF1FC60E}.Debug|Any CPU.Build.0 = Debug|Any CPU
		{F90FEC10-353C-4800-B07A-796CEF1FC60E}.Debug|ARM.ActiveCfg = Debug|Any CPU
		{F90FEC10-353C-4800-B07A-796CEF1FC60E}.Debug|ARM.Build.0 = Debug|Any CPU
		{F90FEC10-353C-4800-B07A-796CEF1FC60E}.Debug|iPhone.ActiveCfg = Debug|Any CPU
		{F90FEC10-353C-4800-B07A-796CEF1FC60E}.Debug|iPhone.Build.0 = Debug|Any CPU
		{F90FEC10-353C-4800-B07A-796CEF1FC60E}.Debug|iPhoneSimulator.ActiveCfg = Debug|Any CPU
		{F90FEC10-353C-4800-B07A-796CEF1FC60E}.Debug|iPhoneSimulator.Build.0 = Debug|Any CPU
		{F90FEC10-353C-4800-B07A-796CEF1FC60E}.Debug|x64.ActiveCfg = Debug|Any CPU
		{F90FEC10-353C-4800-B07A-796CEF1FC60E}.Debug|x64.Build.0 = Debug|Any CPU
		{F90FEC10-353C-4800-B07A-796CEF1FC60E}.Debug|x86.ActiveCfg = Debug|Any CPU
		{F90FEC10-353C-4800-B07A-796CEF1FC60E}.Debug|x86.Build.0 = Debug|Any CPU
		{F90FEC10-353C-4800-B07A-796CEF1FC60E}.Release|Any CPU.ActiveCfg = Release|Any CPU
		{F90FEC10-353C-4800-B07A-796CEF1FC60E}.Release|Any CPU.Build.0 = Release|Any CPU
		{F90FEC10-353C-4800-B07A-796CEF1FC60E}.Release|ARM.ActiveCfg = Release|Any CPU
		{F90FEC10-353C-4800-B07A-796CEF1FC60E}.Release|ARM.Build.0 = Release|Any CPU
		{F90FEC10-353C-4800-B07A-796CEF1FC60E}.Release|iPhone.ActiveCfg = Release|Any CPU
		{F90FEC10-353C-4800-B07A-796CEF1FC60E}.Release|iPhone.Build.0 = Release|Any CPU
		{F90FEC10-353C-4800-B07A-796CEF1FC60E}.Release|iPhoneSimulator.ActiveCfg = Release|Any CPU
		{F90FEC10-353C-4800-B07A-796CEF1FC60E}.Release|iPhoneSimulator.Build.0 = Release|Any CPU
		{F90FEC10-353C-4800-B07A-796CEF1FC60E}.Release|x64.ActiveCfg = Release|Any CPU
		{F90FEC10-353C-4800-B07A-796CEF1FC60E}.Release|x64.Build.0 = Release|Any CPU
		{F90FEC10-353C-4800-B07A-796CEF1FC60E}.Release|x86.ActiveCfg = Release|Any CPU
		{F90FEC10-353C-4800-B07A-796CEF1FC60E}.Release|x86.Build.0 = Release|Any CPU
		{FB76FB6A-C2E2-4DCE-9ED1-7C8011DB372E}.Ad-Hoc|Any CPU.ActiveCfg = Release|Any CPU
		{FB76FB6A-C2E2-4DCE-9ED1-7C8011DB372E}.Ad-Hoc|Any CPU.Build.0 = Release|Any CPU
		{FB76FB6A-C2E2-4DCE-9ED1-7C8011DB372E}.Ad-Hoc|Any CPU.Deploy.0 = Release|Any CPU
		{FB76FB6A-C2E2-4DCE-9ED1-7C8011DB372E}.Ad-Hoc|ARM.ActiveCfg = Release|Any CPU
		{FB76FB6A-C2E2-4DCE-9ED1-7C8011DB372E}.Ad-Hoc|ARM.Build.0 = Release|Any CPU
		{FB76FB6A-C2E2-4DCE-9ED1-7C8011DB372E}.Ad-Hoc|ARM.Deploy.0 = Release|Any CPU
		{FB76FB6A-C2E2-4DCE-9ED1-7C8011DB372E}.Ad-Hoc|iPhone.ActiveCfg = Release|Any CPU
		{FB76FB6A-C2E2-4DCE-9ED1-7C8011DB372E}.Ad-Hoc|iPhone.Build.0 = Release|Any CPU
		{FB76FB6A-C2E2-4DCE-9ED1-7C8011DB372E}.Ad-Hoc|iPhone.Deploy.0 = Release|Any CPU
		{FB76FB6A-C2E2-4DCE-9ED1-7C8011DB372E}.Ad-Hoc|iPhoneSimulator.ActiveCfg = Release|Any CPU
		{FB76FB6A-C2E2-4DCE-9ED1-7C8011DB372E}.Ad-Hoc|iPhoneSimulator.Build.0 = Release|Any CPU
		{FB76FB6A-C2E2-4DCE-9ED1-7C8011DB372E}.Ad-Hoc|iPhoneSimulator.Deploy.0 = Release|Any CPU
		{FB76FB6A-C2E2-4DCE-9ED1-7C8011DB372E}.Ad-Hoc|x64.ActiveCfg = Release|Any CPU
		{FB76FB6A-C2E2-4DCE-9ED1-7C8011DB372E}.Ad-Hoc|x64.Build.0 = Release|Any CPU
		{FB76FB6A-C2E2-4DCE-9ED1-7C8011DB372E}.Ad-Hoc|x64.Deploy.0 = Release|Any CPU
		{FB76FB6A-C2E2-4DCE-9ED1-7C8011DB372E}.Ad-Hoc|x86.ActiveCfg = Release|Any CPU
		{FB76FB6A-C2E2-4DCE-9ED1-7C8011DB372E}.Ad-Hoc|x86.Build.0 = Release|Any CPU
		{FB76FB6A-C2E2-4DCE-9ED1-7C8011DB372E}.Ad-Hoc|x86.Deploy.0 = Release|Any CPU
		{FB76FB6A-C2E2-4DCE-9ED1-7C8011DB372E}.AppStore|Any CPU.ActiveCfg = Release|Any CPU
		{FB76FB6A-C2E2-4DCE-9ED1-7C8011DB372E}.AppStore|Any CPU.Build.0 = Release|Any CPU
		{FB76FB6A-C2E2-4DCE-9ED1-7C8011DB372E}.AppStore|Any CPU.Deploy.0 = Release|Any CPU
		{FB76FB6A-C2E2-4DCE-9ED1-7C8011DB372E}.AppStore|ARM.ActiveCfg = Release|Any CPU
		{FB76FB6A-C2E2-4DCE-9ED1-7C8011DB372E}.AppStore|ARM.Build.0 = Release|Any CPU
		{FB76FB6A-C2E2-4DCE-9ED1-7C8011DB372E}.AppStore|ARM.Deploy.0 = Release|Any CPU
		{FB76FB6A-C2E2-4DCE-9ED1-7C8011DB372E}.AppStore|iPhone.ActiveCfg = Release|Any CPU
		{FB76FB6A-C2E2-4DCE-9ED1-7C8011DB372E}.AppStore|iPhone.Build.0 = Release|Any CPU
		{FB76FB6A-C2E2-4DCE-9ED1-7C8011DB372E}.AppStore|iPhone.Deploy.0 = Release|Any CPU
		{FB76FB6A-C2E2-4DCE-9ED1-7C8011DB372E}.AppStore|iPhoneSimulator.ActiveCfg = Release|Any CPU
		{FB76FB6A-C2E2-4DCE-9ED1-7C8011DB372E}.AppStore|iPhoneSimulator.Build.0 = Release|Any CPU
		{FB76FB6A-C2E2-4DCE-9ED1-7C8011DB372E}.AppStore|iPhoneSimulator.Deploy.0 = Release|Any CPU
		{FB76FB6A-C2E2-4DCE-9ED1-7C8011DB372E}.AppStore|x64.ActiveCfg = Release|Any CPU
		{FB76FB6A-C2E2-4DCE-9ED1-7C8011DB372E}.AppStore|x64.Build.0 = Release|Any CPU
		{FB76FB6A-C2E2-4DCE-9ED1-7C8011DB372E}.AppStore|x64.Deploy.0 = Release|Any CPU
		{FB76FB6A-C2E2-4DCE-9ED1-7C8011DB372E}.AppStore|x86.ActiveCfg = Release|Any CPU
		{FB76FB6A-C2E2-4DCE-9ED1-7C8011DB372E}.AppStore|x86.Build.0 = Release|Any CPU
		{FB76FB6A-C2E2-4DCE-9ED1-7C8011DB372E}.AppStore|x86.Deploy.0 = Release|Any CPU
		{FB76FB6A-C2E2-4DCE-9ED1-7C8011DB372E}.Debug|Any CPU.ActiveCfg = Debug|Any CPU
		{FB76FB6A-C2E2-4DCE-9ED1-7C8011DB372E}.Debug|Any CPU.Build.0 = Debug|Any CPU
		{FB76FB6A-C2E2-4DCE-9ED1-7C8011DB372E}.Debug|Any CPU.Deploy.0 = Debug|Any CPU
		{FB76FB6A-C2E2-4DCE-9ED1-7C8011DB372E}.Debug|ARM.ActiveCfg = Debug|Any CPU
		{FB76FB6A-C2E2-4DCE-9ED1-7C8011DB372E}.Debug|ARM.Build.0 = Debug|Any CPU
		{FB76FB6A-C2E2-4DCE-9ED1-7C8011DB372E}.Debug|ARM.Deploy.0 = Debug|Any CPU
		{FB76FB6A-C2E2-4DCE-9ED1-7C8011DB372E}.Debug|iPhone.ActiveCfg = Debug|Any CPU
		{FB76FB6A-C2E2-4DCE-9ED1-7C8011DB372E}.Debug|iPhone.Build.0 = Debug|Any CPU
		{FB76FB6A-C2E2-4DCE-9ED1-7C8011DB372E}.Debug|iPhone.Deploy.0 = Debug|Any CPU
		{FB76FB6A-C2E2-4DCE-9ED1-7C8011DB372E}.Debug|iPhoneSimulator.ActiveCfg = Debug|Any CPU
		{FB76FB6A-C2E2-4DCE-9ED1-7C8011DB372E}.Debug|iPhoneSimulator.Build.0 = Debug|Any CPU
		{FB76FB6A-C2E2-4DCE-9ED1-7C8011DB372E}.Debug|iPhoneSimulator.Deploy.0 = Debug|Any CPU
		{FB76FB6A-C2E2-4DCE-9ED1-7C8011DB372E}.Debug|x64.ActiveCfg = Debug|Any CPU
		{FB76FB6A-C2E2-4DCE-9ED1-7C8011DB372E}.Debug|x64.Build.0 = Debug|Any CPU
		{FB76FB6A-C2E2-4DCE-9ED1-7C8011DB372E}.Debug|x64.Deploy.0 = Debug|Any CPU
		{FB76FB6A-C2E2-4DCE-9ED1-7C8011DB372E}.Debug|x86.ActiveCfg = Debug|Any CPU
		{FB76FB6A-C2E2-4DCE-9ED1-7C8011DB372E}.Debug|x86.Build.0 = Debug|Any CPU
		{FB76FB6A-C2E2-4DCE-9ED1-7C8011DB372E}.Debug|x86.Deploy.0 = Debug|Any CPU
		{FB76FB6A-C2E2-4DCE-9ED1-7C8011DB372E}.Release|Any CPU.ActiveCfg = Release|Any CPU
		{FB76FB6A-C2E2-4DCE-9ED1-7C8011DB372E}.Release|Any CPU.Build.0 = Release|Any CPU
		{FB76FB6A-C2E2-4DCE-9ED1-7C8011DB372E}.Release|Any CPU.Deploy.0 = Release|Any CPU
		{FB76FB6A-C2E2-4DCE-9ED1-7C8011DB372E}.Release|ARM.ActiveCfg = Release|Any CPU
		{FB76FB6A-C2E2-4DCE-9ED1-7C8011DB372E}.Release|ARM.Build.0 = Release|Any CPU
		{FB76FB6A-C2E2-4DCE-9ED1-7C8011DB372E}.Release|ARM.Deploy.0 = Release|Any CPU
		{FB76FB6A-C2E2-4DCE-9ED1-7C8011DB372E}.Release|iPhone.ActiveCfg = Release|Any CPU
		{FB76FB6A-C2E2-4DCE-9ED1-7C8011DB372E}.Release|iPhone.Build.0 = Release|Any CPU
		{FB76FB6A-C2E2-4DCE-9ED1-7C8011DB372E}.Release|iPhone.Deploy.0 = Release|Any CPU
		{FB76FB6A-C2E2-4DCE-9ED1-7C8011DB372E}.Release|iPhoneSimulator.ActiveCfg = Release|Any CPU
		{FB76FB6A-C2E2-4DCE-9ED1-7C8011DB372E}.Release|iPhoneSimulator.Build.0 = Release|Any CPU
		{FB76FB6A-C2E2-4DCE-9ED1-7C8011DB372E}.Release|iPhoneSimulator.Deploy.0 = Release|Any CPU
		{FB76FB6A-C2E2-4DCE-9ED1-7C8011DB372E}.Release|x64.ActiveCfg = Release|Any CPU
		{FB76FB6A-C2E2-4DCE-9ED1-7C8011DB372E}.Release|x64.Build.0 = Release|Any CPU
		{FB76FB6A-C2E2-4DCE-9ED1-7C8011DB372E}.Release|x64.Deploy.0 = Release|Any CPU
		{FB76FB6A-C2E2-4DCE-9ED1-7C8011DB372E}.Release|x86.ActiveCfg = Release|Any CPU
		{FB76FB6A-C2E2-4DCE-9ED1-7C8011DB372E}.Release|x86.Build.0 = Release|Any CPU
		{FB76FB6A-C2E2-4DCE-9ED1-7C8011DB372E}.Release|x86.Deploy.0 = Release|Any CPU
		{C134836E-8739-482D-834E-F3485A949E80}.Ad-Hoc|Any CPU.ActiveCfg = Ad-Hoc|iPhone
		{C134836E-8739-482D-834E-F3485A949E80}.Ad-Hoc|ARM.ActiveCfg = Ad-Hoc|iPhone
		{C134836E-8739-482D-834E-F3485A949E80}.Ad-Hoc|iPhone.ActiveCfg = Ad-Hoc|iPhone
		{C134836E-8739-482D-834E-F3485A949E80}.Ad-Hoc|iPhone.Build.0 = Ad-Hoc|iPhone
		{C134836E-8739-482D-834E-F3485A949E80}.Ad-Hoc|iPhoneSimulator.ActiveCfg = Ad-Hoc|iPhoneSimulator
		{C134836E-8739-482D-834E-F3485A949E80}.Ad-Hoc|iPhoneSimulator.Build.0 = Ad-Hoc|iPhoneSimulator
		{C134836E-8739-482D-834E-F3485A949E80}.Ad-Hoc|x64.ActiveCfg = Ad-Hoc|iPhone
		{C134836E-8739-482D-834E-F3485A949E80}.Ad-Hoc|x86.ActiveCfg = Ad-Hoc|iPhone
		{C134836E-8739-482D-834E-F3485A949E80}.AppStore|Any CPU.ActiveCfg = AppStore|iPhone
		{C134836E-8739-482D-834E-F3485A949E80}.AppStore|ARM.ActiveCfg = AppStore|iPhone
		{C134836E-8739-482D-834E-F3485A949E80}.AppStore|iPhone.ActiveCfg = AppStore|iPhone
		{C134836E-8739-482D-834E-F3485A949E80}.AppStore|iPhone.Build.0 = AppStore|iPhone
		{C134836E-8739-482D-834E-F3485A949E80}.AppStore|iPhoneSimulator.ActiveCfg = AppStore|iPhoneSimulator
		{C134836E-8739-482D-834E-F3485A949E80}.AppStore|iPhoneSimulator.Build.0 = AppStore|iPhoneSimulator
		{C134836E-8739-482D-834E-F3485A949E80}.AppStore|x64.ActiveCfg = AppStore|iPhone
		{C134836E-8739-482D-834E-F3485A949E80}.AppStore|x86.ActiveCfg = AppStore|iPhone
		{C134836E-8739-482D-834E-F3485A949E80}.Debug|Any CPU.ActiveCfg = Debug|iPhone
		{C134836E-8739-482D-834E-F3485A949E80}.Debug|ARM.ActiveCfg = Debug|iPhone
		{C134836E-8739-482D-834E-F3485A949E80}.Debug|iPhone.ActiveCfg = Debug|iPhone
		{C134836E-8739-482D-834E-F3485A949E80}.Debug|iPhone.Build.0 = Debug|iPhone
		{C134836E-8739-482D-834E-F3485A949E80}.Debug|iPhoneSimulator.ActiveCfg = Debug|iPhoneSimulator
		{C134836E-8739-482D-834E-F3485A949E80}.Debug|iPhoneSimulator.Build.0 = Debug|iPhoneSimulator
		{C134836E-8739-482D-834E-F3485A949E80}.Debug|x64.ActiveCfg = Debug|iPhone
		{C134836E-8739-482D-834E-F3485A949E80}.Debug|x86.ActiveCfg = Debug|iPhone
		{C134836E-8739-482D-834E-F3485A949E80}.Release|Any CPU.ActiveCfg = Release|iPhone
		{C134836E-8739-482D-834E-F3485A949E80}.Release|ARM.ActiveCfg = Release|iPhone
		{C134836E-8739-482D-834E-F3485A949E80}.Release|iPhone.ActiveCfg = Release|iPhone
		{C134836E-8739-482D-834E-F3485A949E80}.Release|iPhone.Build.0 = Release|iPhone
		{C134836E-8739-482D-834E-F3485A949E80}.Release|iPhoneSimulator.ActiveCfg = Release|iPhoneSimulator
		{C134836E-8739-482D-834E-F3485A949E80}.Release|iPhoneSimulator.Build.0 = Release|iPhoneSimulator
		{C134836E-8739-482D-834E-F3485A949E80}.Release|x64.ActiveCfg = Release|iPhone
		{C134836E-8739-482D-834E-F3485A949E80}.Release|x86.ActiveCfg = Release|iPhone
		{074CD358-853C-4F38-AC7D-E350E5E97E45}.Ad-Hoc|Any CPU.ActiveCfg = Release|x86
		{074CD358-853C-4F38-AC7D-E350E5E97E45}.Ad-Hoc|Any CPU.Build.0 = Release|x86
		{074CD358-853C-4F38-AC7D-E350E5E97E45}.Ad-Hoc|Any CPU.Deploy.0 = Release|x86
		{074CD358-853C-4F38-AC7D-E350E5E97E45}.Ad-Hoc|ARM.ActiveCfg = Release|ARM
		{074CD358-853C-4F38-AC7D-E350E5E97E45}.Ad-Hoc|ARM.Build.0 = Release|ARM
		{074CD358-853C-4F38-AC7D-E350E5E97E45}.Ad-Hoc|ARM.Deploy.0 = Release|ARM
		{074CD358-853C-4F38-AC7D-E350E5E97E45}.Ad-Hoc|iPhone.ActiveCfg = Release|x86
		{074CD358-853C-4F38-AC7D-E350E5E97E45}.Ad-Hoc|iPhone.Build.0 = Release|x86
		{074CD358-853C-4F38-AC7D-E350E5E97E45}.Ad-Hoc|iPhone.Deploy.0 = Release|x86
		{074CD358-853C-4F38-AC7D-E350E5E97E45}.Ad-Hoc|iPhoneSimulator.ActiveCfg = Release|x86
		{074CD358-853C-4F38-AC7D-E350E5E97E45}.Ad-Hoc|iPhoneSimulator.Build.0 = Release|x86
		{074CD358-853C-4F38-AC7D-E350E5E97E45}.Ad-Hoc|iPhoneSimulator.Deploy.0 = Release|x86
		{074CD358-853C-4F38-AC7D-E350E5E97E45}.Ad-Hoc|x64.ActiveCfg = Release|x64
		{074CD358-853C-4F38-AC7D-E350E5E97E45}.Ad-Hoc|x64.Build.0 = Release|x64
		{074CD358-853C-4F38-AC7D-E350E5E97E45}.Ad-Hoc|x64.Deploy.0 = Release|x64
		{074CD358-853C-4F38-AC7D-E350E5E97E45}.Ad-Hoc|x86.ActiveCfg = Release|x86
		{074CD358-853C-4F38-AC7D-E350E5E97E45}.Ad-Hoc|x86.Build.0 = Release|x86
		{074CD358-853C-4F38-AC7D-E350E5E97E45}.Ad-Hoc|x86.Deploy.0 = Release|x86
		{074CD358-853C-4F38-AC7D-E350E5E97E45}.AppStore|Any CPU.ActiveCfg = Release|x86
		{074CD358-853C-4F38-AC7D-E350E5E97E45}.AppStore|Any CPU.Build.0 = Release|x86
		{074CD358-853C-4F38-AC7D-E350E5E97E45}.AppStore|Any CPU.Deploy.0 = Release|x86
		{074CD358-853C-4F38-AC7D-E350E5E97E45}.AppStore|ARM.ActiveCfg = Release|ARM
		{074CD358-853C-4F38-AC7D-E350E5E97E45}.AppStore|ARM.Build.0 = Release|ARM
		{074CD358-853C-4F38-AC7D-E350E5E97E45}.AppStore|ARM.Deploy.0 = Release|ARM
		{074CD358-853C-4F38-AC7D-E350E5E97E45}.AppStore|iPhone.ActiveCfg = Release|x86
		{074CD358-853C-4F38-AC7D-E350E5E97E45}.AppStore|iPhone.Build.0 = Release|x86
		{074CD358-853C-4F38-AC7D-E350E5E97E45}.AppStore|iPhone.Deploy.0 = Release|x86
		{074CD358-853C-4F38-AC7D-E350E5E97E45}.AppStore|iPhoneSimulator.ActiveCfg = Release|x86
		{074CD358-853C-4F38-AC7D-E350E5E97E45}.AppStore|iPhoneSimulator.Build.0 = Release|x86
		{074CD358-853C-4F38-AC7D-E350E5E97E45}.AppStore|iPhoneSimulator.Deploy.0 = Release|x86
		{074CD358-853C-4F38-AC7D-E350E5E97E45}.AppStore|x64.ActiveCfg = Release|x64
		{074CD358-853C-4F38-AC7D-E350E5E97E45}.AppStore|x64.Build.0 = Release|x64
		{074CD358-853C-4F38-AC7D-E350E5E97E45}.AppStore|x64.Deploy.0 = Release|x64
		{074CD358-853C-4F38-AC7D-E350E5E97E45}.AppStore|x86.ActiveCfg = Release|x86
		{074CD358-853C-4F38-AC7D-E350E5E97E45}.AppStore|x86.Build.0 = Release|x86
		{074CD358-853C-4F38-AC7D-E350E5E97E45}.AppStore|x86.Deploy.0 = Release|x86
		{074CD358-853C-4F38-AC7D-E350E5E97E45}.Debug|Any CPU.ActiveCfg = Debug|x86
		{074CD358-853C-4F38-AC7D-E350E5E97E45}.Debug|Any CPU.Build.0 = Debug|x86
		{074CD358-853C-4F38-AC7D-E350E5E97E45}.Debug|Any CPU.Deploy.0 = Debug|x86
		{074CD358-853C-4F38-AC7D-E350E5E97E45}.Debug|ARM.ActiveCfg = Debug|ARM
		{074CD358-853C-4F38-AC7D-E350E5E97E45}.Debug|ARM.Build.0 = Debug|ARM
		{074CD358-853C-4F38-AC7D-E350E5E97E45}.Debug|ARM.Deploy.0 = Debug|ARM
		{074CD358-853C-4F38-AC7D-E350E5E97E45}.Debug|iPhone.ActiveCfg = Debug|x86
		{074CD358-853C-4F38-AC7D-E350E5E97E45}.Debug|iPhone.Build.0 = Debug|x86
		{074CD358-853C-4F38-AC7D-E350E5E97E45}.Debug|iPhone.Deploy.0 = Debug|x86
		{074CD358-853C-4F38-AC7D-E350E5E97E45}.Debug|iPhoneSimulator.ActiveCfg = Debug|x86
		{074CD358-853C-4F38-AC7D-E350E5E97E45}.Debug|iPhoneSimulator.Build.0 = Debug|x86
		{074CD358-853C-4F38-AC7D-E350E5E97E45}.Debug|iPhoneSimulator.Deploy.0 = Debug|x86
		{074CD358-853C-4F38-AC7D-E350E5E97E45}.Debug|x64.ActiveCfg = Debug|x64
		{074CD358-853C-4F38-AC7D-E350E5E97E45}.Debug|x64.Build.0 = Debug|x64
		{074CD358-853C-4F38-AC7D-E350E5E97E45}.Debug|x64.Deploy.0 = Debug|x64
		{074CD358-853C-4F38-AC7D-E350E5E97E45}.Debug|x86.ActiveCfg = Debug|x86
		{074CD358-853C-4F38-AC7D-E350E5E97E45}.Debug|x86.Build.0 = Debug|x86
		{074CD358-853C-4F38-AC7D-E350E5E97E45}.Debug|x86.Deploy.0 = Debug|x86
		{074CD358-853C-4F38-AC7D-E350E5E97E45}.Release|Any CPU.ActiveCfg = Release|x86
		{074CD358-853C-4F38-AC7D-E350E5E97E45}.Release|ARM.ActiveCfg = Release|ARM
		{074CD358-853C-4F38-AC7D-E350E5E97E45}.Release|ARM.Build.0 = Release|ARM
		{074CD358-853C-4F38-AC7D-E350E5E97E45}.Release|ARM.Deploy.0 = Release|ARM
		{074CD358-853C-4F38-AC7D-E350E5E97E45}.Release|iPhone.ActiveCfg = Release|x86
		{074CD358-853C-4F38-AC7D-E350E5E97E45}.Release|iPhoneSimulator.ActiveCfg = Release|x86
		{074CD358-853C-4F38-AC7D-E350E5E97E45}.Release|x64.ActiveCfg = Release|x64
		{074CD358-853C-4F38-AC7D-E350E5E97E45}.Release|x64.Build.0 = Release|x64
		{074CD358-853C-4F38-AC7D-E350E5E97E45}.Release|x64.Deploy.0 = Release|x64
		{074CD358-853C-4F38-AC7D-E350E5E97E45}.Release|x86.ActiveCfg = Release|x86
		{074CD358-853C-4F38-AC7D-E350E5E97E45}.Release|x86.Build.0 = Release|x86
		{074CD358-853C-4F38-AC7D-E350E5E97E45}.Release|x86.Deploy.0 = Release|x86
		{5F453EFB-C3FB-4F6B-A17A-543D8F741130}.Ad-Hoc|Any CPU.ActiveCfg = Release|Any CPU
		{5F453EFB-C3FB-4F6B-A17A-543D8F741130}.Ad-Hoc|Any CPU.Build.0 = Release|Any CPU
		{5F453EFB-C3FB-4F6B-A17A-543D8F741130}.Ad-Hoc|ARM.ActiveCfg = Release|Any CPU
		{5F453EFB-C3FB-4F6B-A17A-543D8F741130}.Ad-Hoc|ARM.Build.0 = Release|Any CPU
		{5F453EFB-C3FB-4F6B-A17A-543D8F741130}.Ad-Hoc|iPhone.ActiveCfg = Release|Any CPU
		{5F453EFB-C3FB-4F6B-A17A-543D8F741130}.Ad-Hoc|iPhone.Build.0 = Release|Any CPU
		{5F453EFB-C3FB-4F6B-A17A-543D8F741130}.Ad-Hoc|iPhoneSimulator.ActiveCfg = Release|Any CPU
		{5F453EFB-C3FB-4F6B-A17A-543D8F741130}.Ad-Hoc|iPhoneSimulator.Build.0 = Release|Any CPU
		{5F453EFB-C3FB-4F6B-A17A-543D8F741130}.Ad-Hoc|x64.ActiveCfg = Release|Any CPU
		{5F453EFB-C3FB-4F6B-A17A-543D8F741130}.Ad-Hoc|x64.Build.0 = Release|Any CPU
		{5F453EFB-C3FB-4F6B-A17A-543D8F741130}.Ad-Hoc|x86.ActiveCfg = Release|Any CPU
		{5F453EFB-C3FB-4F6B-A17A-543D8F741130}.Ad-Hoc|x86.Build.0 = Release|Any CPU
		{5F453EFB-C3FB-4F6B-A17A-543D8F741130}.AppStore|Any CPU.ActiveCfg = Release|Any CPU
		{5F453EFB-C3FB-4F6B-A17A-543D8F741130}.AppStore|Any CPU.Build.0 = Release|Any CPU
		{5F453EFB-C3FB-4F6B-A17A-543D8F741130}.AppStore|ARM.ActiveCfg = Release|Any CPU
		{5F453EFB-C3FB-4F6B-A17A-543D8F741130}.AppStore|ARM.Build.0 = Release|Any CPU
		{5F453EFB-C3FB-4F6B-A17A-543D8F741130}.AppStore|iPhone.ActiveCfg = Release|Any CPU
		{5F453EFB-C3FB-4F6B-A17A-543D8F741130}.AppStore|iPhone.Build.0 = Release|Any CPU
		{5F453EFB-C3FB-4F6B-A17A-543D8F741130}.AppStore|iPhoneSimulator.ActiveCfg = Release|Any CPU
		{5F453EFB-C3FB-4F6B-A17A-543D8F741130}.AppStore|iPhoneSimulator.Build.0 = Release|Any CPU
		{5F453EFB-C3FB-4F6B-A17A-543D8F741130}.AppStore|x64.ActiveCfg = Release|Any CPU
		{5F453EFB-C3FB-4F6B-A17A-543D8F741130}.AppStore|x64.Build.0 = Release|Any CPU
		{5F453EFB-C3FB-4F6B-A17A-543D8F741130}.AppStore|x86.ActiveCfg = Release|Any CPU
		{5F453EFB-C3FB-4F6B-A17A-543D8F741130}.AppStore|x86.Build.0 = Release|Any CPU
		{5F453EFB-C3FB-4F6B-A17A-543D8F741130}.Debug|Any CPU.ActiveCfg = Debug|Any CPU
		{5F453EFB-C3FB-4F6B-A17A-543D8F741130}.Debug|Any CPU.Build.0 = Debug|Any CPU
		{5F453EFB-C3FB-4F6B-A17A-543D8F741130}.Debug|ARM.ActiveCfg = Debug|Any CPU
		{5F453EFB-C3FB-4F6B-A17A-543D8F741130}.Debug|ARM.Build.0 = Debug|Any CPU
		{5F453EFB-C3FB-4F6B-A17A-543D8F741130}.Debug|iPhone.ActiveCfg = Debug|Any CPU
		{5F453EFB-C3FB-4F6B-A17A-543D8F741130}.Debug|iPhone.Build.0 = Debug|Any CPU
		{5F453EFB-C3FB-4F6B-A17A-543D8F741130}.Debug|iPhoneSimulator.ActiveCfg = Debug|Any CPU
		{5F453EFB-C3FB-4F6B-A17A-543D8F741130}.Debug|iPhoneSimulator.Build.0 = Debug|Any CPU
		{5F453EFB-C3FB-4F6B-A17A-543D8F741130}.Debug|x64.ActiveCfg = Debug|Any CPU
		{5F453EFB-C3FB-4F6B-A17A-543D8F741130}.Debug|x64.Build.0 = Debug|Any CPU
		{5F453EFB-C3FB-4F6B-A17A-543D8F741130}.Debug|x86.ActiveCfg = Debug|Any CPU
		{5F453EFB-C3FB-4F6B-A17A-543D8F741130}.Debug|x86.Build.0 = Debug|Any CPU
		{5F453EFB-C3FB-4F6B-A17A-543D8F741130}.Release|Any CPU.ActiveCfg = Release|Any CPU
		{5F453EFB-C3FB-4F6B-A17A-543D8F741130}.Release|Any CPU.Build.0 = Release|Any CPU
		{5F453EFB-C3FB-4F6B-A17A-543D8F741130}.Release|ARM.ActiveCfg = Release|Any CPU
		{5F453EFB-C3FB-4F6B-A17A-543D8F741130}.Release|ARM.Build.0 = Release|Any CPU
		{5F453EFB-C3FB-4F6B-A17A-543D8F741130}.Release|iPhone.ActiveCfg = Release|Any CPU
		{5F453EFB-C3FB-4F6B-A17A-543D8F741130}.Release|iPhone.Build.0 = Release|Any CPU
		{5F453EFB-C3FB-4F6B-A17A-543D8F741130}.Release|iPhoneSimulator.ActiveCfg = Release|Any CPU
		{5F453EFB-C3FB-4F6B-A17A-543D8F741130}.Release|iPhoneSimulator.Build.0 = Release|Any CPU
		{5F453EFB-C3FB-4F6B-A17A-543D8F741130}.Release|x64.ActiveCfg = Release|Any CPU
		{5F453EFB-C3FB-4F6B-A17A-543D8F741130}.Release|x64.Build.0 = Release|Any CPU
		{5F453EFB-C3FB-4F6B-A17A-543D8F741130}.Release|x86.ActiveCfg = Release|Any CPU
		{5F453EFB-C3FB-4F6B-A17A-543D8F741130}.Release|x86.Build.0 = Release|Any CPU
		{1CF6FBE3-1F39-43B1-8C91-A203CD44A934}.Ad-Hoc|Any CPU.ActiveCfg = Release|Any CPU
		{1CF6FBE3-1F39-43B1-8C91-A203CD44A934}.Ad-Hoc|Any CPU.Build.0 = Release|Any CPU
		{1CF6FBE3-1F39-43B1-8C91-A203CD44A934}.Ad-Hoc|ARM.ActiveCfg = Release|Any CPU
		{1CF6FBE3-1F39-43B1-8C91-A203CD44A934}.Ad-Hoc|ARM.Build.0 = Release|Any CPU
		{1CF6FBE3-1F39-43B1-8C91-A203CD44A934}.Ad-Hoc|iPhone.ActiveCfg = Release|Any CPU
		{1CF6FBE3-1F39-43B1-8C91-A203CD44A934}.Ad-Hoc|iPhone.Build.0 = Release|Any CPU
		{1CF6FBE3-1F39-43B1-8C91-A203CD44A934}.Ad-Hoc|iPhoneSimulator.ActiveCfg = Release|Any CPU
		{1CF6FBE3-1F39-43B1-8C91-A203CD44A934}.Ad-Hoc|iPhoneSimulator.Build.0 = Release|Any CPU
		{1CF6FBE3-1F39-43B1-8C91-A203CD44A934}.Ad-Hoc|x64.ActiveCfg = Release|Any CPU
		{1CF6FBE3-1F39-43B1-8C91-A203CD44A934}.Ad-Hoc|x64.Build.0 = Release|Any CPU
		{1CF6FBE3-1F39-43B1-8C91-A203CD44A934}.Ad-Hoc|x86.ActiveCfg = Release|Any CPU
		{1CF6FBE3-1F39-43B1-8C91-A203CD44A934}.Ad-Hoc|x86.Build.0 = Release|Any CPU
		{1CF6FBE3-1F39-43B1-8C91-A203CD44A934}.AppStore|Any CPU.ActiveCfg = Release|Any CPU
		{1CF6FBE3-1F39-43B1-8C91-A203CD44A934}.AppStore|Any CPU.Build.0 = Release|Any CPU
		{1CF6FBE3-1F39-43B1-8C91-A203CD44A934}.AppStore|ARM.ActiveCfg = Release|Any CPU
		{1CF6FBE3-1F39-43B1-8C91-A203CD44A934}.AppStore|ARM.Build.0 = Release|Any CPU
		{1CF6FBE3-1F39-43B1-8C91-A203CD44A934}.AppStore|iPhone.ActiveCfg = Release|Any CPU
		{1CF6FBE3-1F39-43B1-8C91-A203CD44A934}.AppStore|iPhone.Build.0 = Release|Any CPU
		{1CF6FBE3-1F39-43B1-8C91-A203CD44A934}.AppStore|iPhoneSimulator.ActiveCfg = Release|Any CPU
		{1CF6FBE3-1F39-43B1-8C91-A203CD44A934}.AppStore|iPhoneSimulator.Build.0 = Release|Any CPU
		{1CF6FBE3-1F39-43B1-8C91-A203CD44A934}.AppStore|x64.ActiveCfg = Release|Any CPU
		{1CF6FBE3-1F39-43B1-8C91-A203CD44A934}.AppStore|x64.Build.0 = Release|Any CPU
		{1CF6FBE3-1F39-43B1-8C91-A203CD44A934}.AppStore|x86.ActiveCfg = Release|Any CPU
		{1CF6FBE3-1F39-43B1-8C91-A203CD44A934}.AppStore|x86.Build.0 = Release|Any CPU
		{1CF6FBE3-1F39-43B1-8C91-A203CD44A934}.Debug|Any CPU.ActiveCfg = Debug|Any CPU
		{1CF6FBE3-1F39-43B1-8C91-A203CD44A934}.Debug|Any CPU.Build.0 = Debug|Any CPU
		{1CF6FBE3-1F39-43B1-8C91-A203CD44A934}.Debug|ARM.ActiveCfg = Debug|Any CPU
		{1CF6FBE3-1F39-43B1-8C91-A203CD44A934}.Debug|ARM.Build.0 = Debug|Any CPU
		{1CF6FBE3-1F39-43B1-8C91-A203CD44A934}.Debug|iPhone.ActiveCfg = Debug|Any CPU
		{1CF6FBE3-1F39-43B1-8C91-A203CD44A934}.Debug|iPhone.Build.0 = Debug|Any CPU
		{1CF6FBE3-1F39-43B1-8C91-A203CD44A934}.Debug|iPhoneSimulator.ActiveCfg = Debug|Any CPU
		{1CF6FBE3-1F39-43B1-8C91-A203CD44A934}.Debug|iPhoneSimulator.Build.0 = Debug|Any CPU
		{1CF6FBE3-1F39-43B1-8C91-A203CD44A934}.Debug|x64.ActiveCfg = Debug|Any CPU
		{1CF6FBE3-1F39-43B1-8C91-A203CD44A934}.Debug|x64.Build.0 = Debug|Any CPU
		{1CF6FBE3-1F39-43B1-8C91-A203CD44A934}.Debug|x86.ActiveCfg = Debug|Any CPU
		{1CF6FBE3-1F39-43B1-8C91-A203CD44A934}.Debug|x86.Build.0 = Debug|Any CPU
		{1CF6FBE3-1F39-43B1-8C91-A203CD44A934}.Release|Any CPU.ActiveCfg = Release|Any CPU
		{1CF6FBE3-1F39-43B1-8C91-A203CD44A934}.Release|Any CPU.Build.0 = Release|Any CPU
		{1CF6FBE3-1F39-43B1-8C91-A203CD44A934}.Release|ARM.ActiveCfg = Release|Any CPU
		{1CF6FBE3-1F39-43B1-8C91-A203CD44A934}.Release|ARM.Build.0 = Release|Any CPU
		{1CF6FBE3-1F39-43B1-8C91-A203CD44A934}.Release|iPhone.ActiveCfg = Release|Any CPU
		{1CF6FBE3-1F39-43B1-8C91-A203CD44A934}.Release|iPhone.Build.0 = Release|Any CPU
		{1CF6FBE3-1F39-43B1-8C91-A203CD44A934}.Release|iPhoneSimulator.ActiveCfg = Release|Any CPU
		{1CF6FBE3-1F39-43B1-8C91-A203CD44A934}.Release|iPhoneSimulator.Build.0 = Release|Any CPU
		{1CF6FBE3-1F39-43B1-8C91-A203CD44A934}.Release|x64.ActiveCfg = Release|Any CPU
		{1CF6FBE3-1F39-43B1-8C91-A203CD44A934}.Release|x64.Build.0 = Release|Any CPU
		{1CF6FBE3-1F39-43B1-8C91-A203CD44A934}.Release|x86.ActiveCfg = Release|Any CPU
		{1CF6FBE3-1F39-43B1-8C91-A203CD44A934}.Release|x86.Build.0 = Release|Any CPU
	EndGlobalSection
	GlobalSection(SolutionProperties) = preSolution
		HideSolutionNode = FALSE
	EndGlobalSection
	GlobalSection(NestedProjects) = preSolution
		{F90FEC10-353C-4800-B07A-796CEF1FC60E} = {AB0A9A03-6C71-44C2-9C29-5105D3F3868F}
		{FB76FB6A-C2E2-4DCE-9ED1-7C8011DB372E} = {AB0A9A03-6C71-44C2-9C29-5105D3F3868F}
		{C134836E-8739-482D-834E-F3485A949E80} = {AB0A9A03-6C71-44C2-9C29-5105D3F3868F}
		{074CD358-853C-4F38-AC7D-E350E5E97E45} = {AB0A9A03-6C71-44C2-9C29-5105D3F3868F}
		{5F453EFB-C3FB-4F6B-A17A-543D8F741130} = {383F1D5C-F964-4045-92C6-F774BFB07B96}
		{1CF6FBE3-1F39-43B1-8C91-A203CD44A934} = {70F0D38F-2D59-4299-ADE7-456907A485DC}
		{AB0A9A03-6C71-44C2-9C29-5105D3F3868F} = {0C3E7352-5B97-47F1-9BCB-20A292371821}
		{70F0D38F-2D59-4299-ADE7-456907A485DC} = {0C3E7352-5B97-47F1-9BCB-20A292371821}
	EndGlobalSection
EndGlobal
